
Microsoft Visual Studio Solution File, Format Version 12.00
# Visual Studio Version 16
VisualStudioVersion = 16.0.30320.27
MinimumVisualStudioVersion = 10.0.40219.1
Project("{9A19103F-16F7-4668-BE54-9A1E7A4F7556}") = "WeddingForward.Api", "WeddingForward\WeddingForward.Api.csproj", "{CFCDD6CC-9E22-4C5F-8A7D-C4F04124C8FF}"
EndProject
Project("{9A19103F-16F7-4668-BE54-9A1E7A4F7556}") = "WeddingForward.ApplicationServices", "WeddingForward.ApplicationServices\WeddingForward.ApplicationServices.csproj", "{BDE69728-A54D-4918-9B6F-BBA3174A565D}"
EndProject
Project("{9A19103F-16F7-4668-BE54-9A1E7A4F7556}") = "WeddingForward.Data", "WeddingForward.Data\WeddingForward.Data.csproj", "{CAFEF984-E906-41B0-B736-A8985AA144D6}"
EndProject
Project("{9A19103F-16F7-4668-BE54-9A1E7A4F7556}") = "WeddingForward.Scheduler.Console", "WeddingForward.Scheduler.Console\WeddingForward.Scheduler.Console.csproj", "{AA315330-7029-48A4-BA14-EE4E30B24BA7}"
EndProject
Project("{9A19103F-16F7-4668-BE54-9A1E7A4F7556}") = "WeddingForward.ScheduleTaskExecutor", "WeddingForward.ScheduleTaskExecutor\WeddingForward.ScheduleTaskExecutor.csproj", "{2B70A859-B2B9-46FB-9ABE-186197142E48}"
EndProject
Global
	GlobalSection(SolutionConfigurationPlatforms) = preSolution
		Debug|Any CPU = Debug|Any CPU
		Release|Any CPU = Release|Any CPU
	EndGlobalSection
	GlobalSection(ProjectConfigurationPlatforms) = postSolution
		{CFCDD6CC-9E22-4C5F-8A7D-C4F04124C8FF}.Debug|Any CPU.ActiveCfg = Debug|Any CPU
		{CFCDD6CC-9E22-4C5F-8A7D-C4F04124C8FF}.Debug|Any CPU.Build.0 = Debug|Any CPU
		{CFCDD6CC-9E22-4C5F-8A7D-C4F04124C8FF}.Release|Any CPU.ActiveCfg = Release|Any CPU
		{CFCDD6CC-9E22-4C5F-8A7D-C4F04124C8FF}.Release|Any CPU.Build.0 = Release|Any CPU
		{BDE69728-A54D-4918-9B6F-BBA3174A565D}.Debug|Any CPU.ActiveCfg = Debug|Any CPU
		{BDE69728-A54D-4918-9B6F-BBA3174A565D}.Debug|Any CPU.Build.0 = Debug|Any CPU
		{BDE69728-A54D-4918-9B6F-BBA3174A565D}.Release|Any CPU.ActiveCfg = Release|Any CPU
		{BDE69728-A54D-4918-9B6F-BBA3174A565D}.Release|Any CPU.Build.0 = Release|Any CPU
		{CAFEF984-E906-41B0-B736-A8985AA144D6}.Debug|Any CPU.ActiveCfg = Debug|Any CPU
		{CAFEF984-E906-41B0-B736-A8985AA144D6}.Debug|Any CPU.Build.0 = Debug|Any CPU
		{CAFEF984-E906-41B0-B736-A8985AA144D6}.Release|Any CPU.ActiveCfg = Release|Any CPU
		{CAFEF984-E906-41B0-B736-A8985AA144D6}.Release|Any CPU.Build.0 = Release|Any CPU
		{AA315330-7029-48A4-BA14-EE4E30B24BA7}.Debug|Any CPU.ActiveCfg = Debug|Any CPU
		{AA315330-7029-48A4-BA14-EE4E30B24BA7}.Debug|Any CPU.Build.0 = Debug|Any CPU
		{AA315330-7029-48A4-BA14-EE4E30B24BA7}.Release|Any CPU.ActiveCfg = Release|Any CPU
		{AA315330-7029-48A4-BA14-EE4E30B24BA7}.Release|Any CPU.Build.0 = Release|Any CPU
		{2B70A859-B2B9-46FB-9ABE-186197142E48}.Debug|Any CPU.ActiveCfg = Debug|Any CPU
		{2B70A859-B2B9-46FB-9ABE-186197142E48}.Debug|Any CPU.Build.0 = Debug|Any CPU
		{2B70A859-B2B9-46FB-9ABE-186197142E48}.Release|Any CPU.ActiveCfg = Release|Any CPU
		{2B70A859-B2B9-46FB-9ABE-186197142E48}.Release|Any CPU.Build.0 = Release|Any CPU
	EndGlobalSection
	GlobalSection(SolutionProperties) = preSolution
		HideSolutionNode = FALSE
	EndGlobalSection
	GlobalSection(ExtensibilityGlobals) = postSolution
		SolutionGuid = {C9FF5CF4-D41B-43A6-8B26-EAB94F93A65F}
	EndGlobalSection
EndGlobal
